
Microsoft Visual Studio Solution File, Format Version 12.00
# Visual Studio Version 17
VisualStudioVersion = 17.8.34309.116
MinimumVisualStudioVersion = 10.0.40219.1
Project("{FAE04EC0-301F-11D3-BF4B-00C04F79EFBC}") = "QQBot4Sharp", "QQBot4Sharp\QQBot4Sharp.csproj", "{8DEBC0E9-5A78-4D74-BE61-06BAD1249675}"
EndProject
Project("{FAE04EC0-301F-11D3-BF4B-00C04F79EFBC}") = "QQBot4Sharp.Test", "QQBot4Sharp.Test\QQBot4Sharp.Test.csproj", "{D5F004DB-A38B-4FE6-B7BC-FEA82407D873}"
EndProject
Global
	GlobalSection(SolutionConfigurationPlatforms) = preSolution
		Debug|Any CPU = Debug|Any CPU
		Release|Any CPU = Release|Any CPU
	EndGlobalSection
	GlobalSection(ProjectConfigurationPlatforms) = postSolution
		{8DEBC0E9-5A78-4D74-BE61-06BAD1249675}.Debug|Any CPU.ActiveCfg = Debug|Any CPU
		{8DEBC0E9-5A78-4D74-BE61-06BAD1249675}.Debug|Any CPU.Build.0 = Debug|Any CPU
		{8DEBC0E9-5A78-4D74-BE61-06BAD1249675}.Release|Any CPU.ActiveCfg = Release|Any CPU
		{8DEBC0E9-5A78-4D74-BE61-06BAD1249675}.Release|Any CPU.Build.0 = Release|Any CPU
		{D5F004DB-A38B-4FE6-B7BC-FEA82407D873}.Debug|Any CPU.ActiveCfg = Debug|Any CPU
		{D5F004DB-A38B-4FE6-B7BC-FEA82407D873}.Debug|Any CPU.Build.0 = Debug|Any CPU
		{D5F004DB-A38B-4FE6-B7BC-FEA82407D873}.Release|Any CPU.ActiveCfg = Release|Any CPU
		{D5F004DB-A38B-4FE6-B7BC-FEA82407D873}.Release|Any CPU.Build.0 = Release|Any CPU
	EndGlobalSection
	GlobalSection(SolutionProperties) = preSolution
		HideSolutionNode = FALSE
	EndGlobalSection
	GlobalSection(ExtensibilityGlobals) = postSolution
		SolutionGuid = {75C4647B-A061-489C-BD54-172064A5919C}
	EndGlobalSection
EndGlobal
